{
  "name": "devripon-package",
  "version": "1.0.0",
  "lockfileVersion": 3,
  "requires": true,
  "packages": {
    "": {
      "name": "devripon-package",
      "version": "1.0.0",
      "license": "ISC",
      "dependencies": {
        "devripon-package": "^1.0.0"
      }
    },
    "node_modules/devripon-package": {
      "version": "1.0.0",
      "resolved": "https://registry.npmjs.org/devripon-package/-/devripon-package-1.0.0.tgz",
      "integrity": "sha512-LU2SKFP0NJomDth0qTnrS8xuHUIwVLcBs8LjKuBaHCLggAfsXf6DLBekl7Zv0tr5m7MLGg02bRG2rzeHaW2/sQ=="
    }
  }
}
